
Microsoft Visual Studio Solution File, Format Version 12.00
# Visual Studio Version 17
VisualStudioVersion = 17.10.34928.147
MinimumVisualStudioVersion = 10.0.40219.1
Project("{FAE04EC0-301F-11D3-BF4B-00C04F79EFBC}") = "Develope_2_HomeWork", "Develope_2_HomeWork.csproj", "{BEE14463-4632-44A5-8166-D5817DEF12BD}"
EndProject
Global
	GlobalSection(SolutionConfigurationPlatforms) = preSolution
		Debug|Any CPU = Debug|Any CPU
		Release|Any CPU = Release|Any CPU
	EndGlobalSection
	GlobalSection(ProjectConfigurationPlatforms) = postSolution
		{BEE14463-4632-44A5-8166-D5817DEF12BD}.Debug|Any CPU.ActiveCfg = Debug|Any CPU
		{BEE14463-4632-44A5-8166-D5817DEF12BD}.Debug|Any CPU.Build.0 = Debug|Any CPU
		{BEE14463-4632-44A5-8166-D5817DEF12BD}.Release|Any CPU.ActiveCfg = Release|Any CPU
		{BEE14463-4632-44A5-8166-D5817DEF12BD}.Release|Any CPU.Build.0 = Release|Any CPU
	EndGlobalSection
	GlobalSection(SolutionProperties) = preSolution
		HideSolutionNode = FALSE
	EndGlobalSection
	GlobalSection(ExtensibilityGlobals) = postSolution
		SolutionGuid = {2B782055-C7EE-4A11-A682-E257531E5261}
	EndGlobalSection
EndGlobal
